
Microsoft Visual Studio Solution File, Format Version 12.00
Project("{FAE04EC0-301F-11D3-BF4B-00C04F79EFBC}") = "SchemeServe", "SchemeServe.csproj", "{E2131052-545D-40C1-AB99-41CA11BC91E4}"
EndProject
Global
	GlobalSection(SolutionConfigurationPlatforms) = preSolution
		Debug|Any CPU = Debug|Any CPU
		Release|Any CPU = Release|Any CPU
	EndGlobalSection
	GlobalSection(ProjectConfigurationPlatforms) = postSolution
		{E2131052-545D-40C1-AB99-41CA11BC91E4}.Debug|Any CPU.ActiveCfg = Debug|Any CPU
		{E2131052-545D-40C1-AB99-41CA11BC91E4}.Debug|Any CPU.Build.0 = Debug|Any CPU
		{E2131052-545D-40C1-AB99-41CA11BC91E4}.Release|Any CPU.ActiveCfg = Release|Any CPU
		{E2131052-545D-40C1-AB99-41CA11BC91E4}.Release|Any CPU.Build.0 = Release|Any CPU
	EndGlobalSection
EndGlobal
